
Microsoft Visual Studio Solution File, Format Version 12.00
# Visual Studio Version 17
VisualStudioVersion = 17.4.33213.308
MinimumVisualStudioVersion = 10.0.40219.1
Project("{FAE04EC0-301F-11D3-BF4B-00C04F79EFBC}") = "practica01", "practica01\practica01.csproj", "{3155EF97-76B9-4404-AEA3-EE19AC402993}"
EndProject
Global
	GlobalSection(SolutionConfigurationPlatforms) = preSolution
		Debug|Any CPU = Debug|Any CPU
		Release|Any CPU = Release|Any CPU
	EndGlobalSection
	GlobalSection(ProjectConfigurationPlatforms) = postSolution
		{3155EF97-76B9-4404-AEA3-EE19AC402993}.Debug|Any CPU.ActiveCfg = Debug|Any CPU
		{3155EF97-76B9-4404-AEA3-EE19AC402993}.Debug|Any CPU.Build.0 = Debug|Any CPU
		{3155EF97-76B9-4404-AEA3-EE19AC402993}.Release|Any CPU.ActiveCfg = Release|Any CPU
		{3155EF97-76B9-4404-AEA3-EE19AC402993}.Release|Any CPU.Build.0 = Release|Any CPU
	EndGlobalSection
	GlobalSection(SolutionProperties) = preSolution
		HideSolutionNode = FALSE
	EndGlobalSection
	GlobalSection(ExtensibilityGlobals) = postSolution
		SolutionGuid = {4F919605-86DA-4339-9D92-7EE10A500BAF}
	EndGlobalSection
EndGlobal
